
Microsoft Visual Studio Solution File, Format Version 12.00
# Visual Studio Version 16
VisualStudioVersion = 16.0.32106.194
MinimumVisualStudioVersion = 10.0.40219.1
Project("{FAE04EC0-301F-11D3-BF4B-00C04F79EFBC}") = "EsDnevnik", "EsDnevnik.csproj", "{62016B54-03CD-4704-81DD-6ECFA7E2DF52}"
EndProject
Global
	GlobalSection(SolutionConfigurationPlatforms) = preSolution
		Debug|Any CPU = Debug|Any CPU
		Release|Any CPU = Release|Any CPU
	EndGlobalSection
	GlobalSection(ProjectConfigurationPlatforms) = postSolution
		{62016B54-03CD-4704-81DD-6ECFA7E2DF52}.Debug|Any CPU.ActiveCfg = Debug|Any CPU
		{62016B54-03CD-4704-81DD-6ECFA7E2DF52}.Debug|Any CPU.Build.0 = Debug|Any CPU
		{62016B54-03CD-4704-81DD-6ECFA7E2DF52}.Release|Any CPU.ActiveCfg = Release|Any CPU
		{62016B54-03CD-4704-81DD-6ECFA7E2DF52}.Release|Any CPU.Build.0 = Release|Any CPU
	EndGlobalSection
	GlobalSection(SolutionProperties) = preSolution
		HideSolutionNode = FALSE
	EndGlobalSection
	GlobalSection(ExtensibilityGlobals) = postSolution
		SolutionGuid = {9ABCD874-2089-4584-A0D6-7481933E1671}
	EndGlobalSection
EndGlobal
